
Microsoft Visual Studio Solution File, Format Version 12.00
# Visual Studio Version 16
VisualStudioVersion = 16.0.31229.75
MinimumVisualStudioVersion = 10.0.40219.1
Project("{FAE04EC0-301F-11D3-BF4B-00C04F79EFBC}") = "AssDay5ADO.Net", "AssDay5ADO.Net\AssDay5ADO.Net.csproj", "{E02F2E47-19CE-49A2-84CA-2634E6BA2CC4}"
EndProject
Project("{FAE04EC0-301F-11D3-BF4B-00C04F79EFBC}") = "Data.Model", "Data.Model\Data.Model.csproj", "{611F695B-3AEB-4E05-912E-B9D96FBDB146}"
EndProject
Project("{FAE04EC0-301F-11D3-BF4B-00C04F79EFBC}") = "Data.Repository", "Data.Repository\Data.Repository.csproj", "{83D8E657-0F58-45F2-8162-7FEF91F9336C}"
EndProject
Global
	GlobalSection(SolutionConfigurationPlatforms) = preSolution
		Debug|Any CPU = Debug|Any CPU
		Release|Any CPU = Release|Any CPU
	EndGlobalSection
	GlobalSection(ProjectConfigurationPlatforms) = postSolution
		{E02F2E47-19CE-49A2-84CA-2634E6BA2CC4}.Debug|Any CPU.ActiveCfg = Debug|Any CPU
		{E02F2E47-19CE-49A2-84CA-2634E6BA2CC4}.Debug|Any CPU.Build.0 = Debug|Any CPU
		{E02F2E47-19CE-49A2-84CA-2634E6BA2CC4}.Release|Any CPU.ActiveCfg = Release|Any CPU
		{E02F2E47-19CE-49A2-84CA-2634E6BA2CC4}.Release|Any CPU.Build.0 = Release|Any CPU
		{611F695B-3AEB-4E05-912E-B9D96FBDB146}.Debug|Any CPU.ActiveCfg = Debug|Any CPU
		{611F695B-3AEB-4E05-912E-B9D96FBDB146}.Debug|Any CPU.Build.0 = Debug|Any CPU
		{611F695B-3AEB-4E05-912E-B9D96FBDB146}.Release|Any CPU.ActiveCfg = Release|Any CPU
		{611F695B-3AEB-4E05-912E-B9D96FBDB146}.Release|Any CPU.Build.0 = Release|Any CPU
		{83D8E657-0F58-45F2-8162-7FEF91F9336C}.Debug|Any CPU.ActiveCfg = Debug|Any CPU
		{83D8E657-0F58-45F2-8162-7FEF91F9336C}.Debug|Any CPU.Build.0 = Debug|Any CPU
		{83D8E657-0F58-45F2-8162-7FEF91F9336C}.Release|Any CPU.ActiveCfg = Release|Any CPU
		{83D8E657-0F58-45F2-8162-7FEF91F9336C}.Release|Any CPU.Build.0 = Release|Any CPU
	EndGlobalSection
	GlobalSection(SolutionProperties) = preSolution
		HideSolutionNode = FALSE
	EndGlobalSection
	GlobalSection(ExtensibilityGlobals) = postSolution
		SolutionGuid = {743F4F72-5A11-4CE7-96DC-BC3D8B37F067}
	EndGlobalSection
EndGlobal
