
Microsoft Visual Studio Solution File, Format Version 12.00
# Visual Studio Version 16
VisualStudioVersion = 16.0.31229.75
MinimumVisualStudioVersion = 10.0.40219.1
Project("{F184B08F-C81C-45F6-A57F-5ABD9991F28F}") = "AssDay4JS", "AssDay4JS\AssDay4JS.vbproj", "{6EDBC64B-E978-4206-8015-1A6C1C8A342F}"
EndProject
Global
	GlobalSection(SolutionConfigurationPlatforms) = preSolution
		Debug|Any CPU = Debug|Any CPU
		Release|Any CPU = Release|Any CPU
	EndGlobalSection
	GlobalSection(ProjectConfigurationPlatforms) = postSolution
		{6EDBC64B-E978-4206-8015-1A6C1C8A342F}.Debug|Any CPU.ActiveCfg = Debug|Any CPU
		{6EDBC64B-E978-4206-8015-1A6C1C8A342F}.Debug|Any CPU.Build.0 = Debug|Any CPU
		{6EDBC64B-E978-4206-8015-1A6C1C8A342F}.Release|Any CPU.ActiveCfg = Release|Any CPU
		{6EDBC64B-E978-4206-8015-1A6C1C8A342F}.Release|Any CPU.Build.0 = Release|Any CPU
	EndGlobalSection
	GlobalSection(SolutionProperties) = preSolution
		HideSolutionNode = FALSE
	EndGlobalSection
	GlobalSection(ExtensibilityGlobals) = postSolution
		SolutionGuid = {2B431DB6-4FD7-4823-B152-4137D75BB202}
	EndGlobalSection
EndGlobal
